{
  "version": 4,
  "terraform_version": "1.5.7",
  "serial": 7,
  "lineage": "a88430ee-a658-2002-0eaf-2fb7ef1c8503",
  "outputs": {},
  "resources": [
    {
      "mode": "data",
      "type": "azurerm_client_config",
      "name": "current",
      "provider": "provider[\"registry.terraform.io/hashicorp/azurerm\"]",
      "instances": [
        {
          "schema_version": 0,
          "attributes": {
            "client_id": "04b07795-8ddb-461a-bbee-02f9e1bf7b46",
            "id": "Y2xpZW50Q29uZmlncy9jbGllbnRJZD0wNGIwNzc5NS04ZGRiLTQ2MWEtYmJlZS0wMmY5ZTFiZjdiNDY7b2JqZWN0SWQ9NmNlNTUzYTEtN2UyYS00MDgxLWE5MWUtZTE4MTIwMjIxZWU1O3N1YnNjcmlwdGlvbklkPThkNmJkMWViLWFlMzEtNGYyYy04NTZhLTBmOGU0NzExNWM0Yjt0ZW5hbnRJZD0xNmIzYzAxMy1kMzAwLTQ2OGQtYWM2NC03ZWRhMDgyMGI2ZDM=",
            "object_id": "6ce553a1-7e2a-4081-a91e-e18120221ee5",
            "subscription_id": "8d6bd1eb-ae31-4f2c-856a-0f8e47115c4b",
            "tenant_id": "16b3c013-d300-468d-ac64-7eda0820b6d3",
            "timeouts": null
          },
          "sensitive_attributes": []
        }
      ]
    },
    {
      "mode": "data",
      "type": "azurerm_resource_group",
      "name": "example",
      "provider": "provider[\"registry.terraform.io/hashicorp/azurerm\"]",
      "instances": [
        {
          "index_key": 0,
          "schema_version": 0,
          "attributes": {
            "id": "/subscriptions/8d6bd1eb-ae31-4f2c-856a-0f8e47115c4b/resourceGroups/kafka-t2",
            "location": "westus3",
            "managed_by": "",
            "name": "kafka-t2",
            "tags": {},
            "timeouts": null
          },
          "sensitive_attributes": []
        }
      ]
    },
    {
      "mode": "data",
      "type": "azurerm_subnet",
      "name": "control",
      "provider": "provider[\"registry.terraform.io/hashicorp/azurerm\"]",
      "instances": [
        {
          "index_key": 0,
          "schema_version": 0,
          "attributes": {
            "address_prefix": "",
            "address_prefixes": [
              "10.0.0.0/24"
            ],
            "default_outbound_access_enabled": true,
            "id": "/subscriptions/8d6bd1eb-ae31-4f2c-856a-0f8e47115c4b/resourceGroups/kafka-t2/providers/Microsoft.Network/virtualNetworks/vnet-t2/subnets/default",
            "name": "default",
            "network_security_group_id": "",
            "private_endpoint_network_policies": "Disabled",
            "private_link_service_network_policies_enabled": true,
            "resource_group_name": "kafka-t2",
            "route_table_id": "",
            "service_endpoints": [],
            "timeouts": null,
            "virtual_network_name": "vnet-t2"
          },
          "sensitive_attributes": []
        }
      ]
    },
    {
      "mode": "data",
      "type": "azurerm_subscription",
      "name": "current",
      "provider": "provider[\"registry.terraform.io/hashicorp/azurerm\"]",
      "instances": [
        {
          "schema_version": 0,
          "attributes": {
            "display_name": "alexawang",
            "id": "/subscriptions/8d6bd1eb-ae31-4f2c-856a-0f8e47115c4b",
            "location_placement_id": "Internal_2014-09-01",
            "quota_id": "Internal_2014-09-01",
            "spending_limit": "Off",
            "state": "Enabled",
            "subscription_id": "8d6bd1eb-ae31-4f2c-856a-0f8e47115c4b",
            "tags": {
              "tag1": "MCAPS-Hybrid-REQ-120975-2025-alexawang",
              "tag2": "Hybrid"
            },
            "tenant_id": "16b3c013-d300-468d-ac64-7eda0820b6d3",
            "timeouts": null
          },
          "sensitive_attributes": []
        }
      ]
    },
    {
      "mode": "data",
      "type": "azurerm_virtual_network",
      "name": "control",
      "provider": "provider[\"registry.terraform.io/hashicorp/azurerm\"]",
      "instances": [
        {
          "index_key": 0,
          "schema_version": 0,
          "attributes": {
            "address_space": [
              "10.0.0.0/16"
            ],
            "dns_servers": null,
            "guid": "0898476a-8e4d-4c5d-882d-9c63a0f475c7",
            "id": "/subscriptions/8d6bd1eb-ae31-4f2c-856a-0f8e47115c4b/resourceGroups/kafka-t2/providers/Microsoft.Network/virtualNetworks/vnet-t2",
            "location": "westus3",
            "name": "vnet-t2",
            "resource_group_name": "kafka-t2",
            "subnets": [
              "default"
            ],
            "tags": {},
            "timeouts": null,
            "vnet_peerings": {},
            "vnet_peerings_addresses": []
          },
          "sensitive_attributes": []
        }
      ]
    },
    {
      "mode": "managed",
      "type": "azurerm_linux_virtual_machine",
      "name": "example",
      "provider": "provider[\"registry.terraform.io/hashicorp/azurerm\"]",
      "instances": [
        {
          "schema_version": 0,
          "attributes": {
            "additional_capabilities": [],
            "admin_password": null,
            "admin_ssh_key": [
              {
                "public_key": "ssh-rsa AAAAB3NzaC1yc2EAAAADAQABAAACAQDjCXNAb38QxRYEqFE+Ev/v05qMjw9mIDdX+Y9czUVN0oJGCDcSJQeMjk82Ffps17vzHtAPxo+Ht0mTTStYLZSI8ergNrWz/MytdJrCtTJ8+VwJmi+ZKItL+ZE1qJ3cQAIN22GGtMqq0gs1iDvRA1F+z4R++zl2NqMXo6ZThBwtetfrLrHcqx4H6ufI9HepL0cRcmIt7amc+jWjIF5tf+xtHmPb6IP5RNydNa1W66ey0KnILu2LoAyvgZjPh99O6lqC29X+z4wXb8M5koJyMtXjkemE6H1pjgexuBJiha+BjBTm1EWb6eCasT38/vrxAt8DPocJTEtZW5fr1JzZp+96wZcGli0qowZhZya/gKqohajkQA5O14QMkGyx0zkJgK8SiYyBksMozjTSCZdapShaZRca1kCmq+9ZAZbcZgiXEvosD7JHO37jMk5SxewcIEMpG+PtFW6Xm18cvW9s0FVVG/H4V5Qoc6nuCBE/zxtIwxtMYRI1fce34gxX+GZZ6bcdMVbjl4dZGmOGVEjByoY0saHioEfCSSvM/yaQm6qu5TSFNe6Ii3KTXrqSyl6WVBgvOETM5hlNlGgcCytn07LFVZC217lXj67wb95NB4alfOzVUH4U9zbmWLNGWoD2a4Ellkt3PN8R9KFa/JTxs4MKNqacF1NFyHtsXlHwnpxdIw== “v-chengzhiz@microsoft.com”\n",
                "username": "azureadmin"
              }
            ],
            "admin_username": "azureadmin",
            "allow_extension_operations": true,
            "availability_set_id": "",
            "boot_diagnostics": [],
            "bypass_platform_safety_checks_on_user_schedule_enabled": false,
            "capacity_reservation_group_id": "",
            "computer_name": "control",
            "custom_data": null,
            "dedicated_host_group_id": "",
            "dedicated_host_id": "",
            "disable_password_authentication": true,
            "disk_controller_type": "NVMe",
            "edge_zone": "",
            "encryption_at_host_enabled": false,
            "eviction_policy": "",
            "extensions_time_budget": "PT1H30M",
            "gallery_application": [],
            "id": "/subscriptions/8d6bd1eb-ae31-4f2c-856a-0f8e47115c4b/resourceGroups/kafka-t2/providers/Microsoft.Compute/virtualMachines/control-node",
            "identity": [
              {
                "identity_ids": null,
                "principal_id": "e78f2dab-26eb-4cbc-8beb-50c11bf24c9b",
                "tenant_id": "16b3c013-d300-468d-ac64-7eda0820b6d3",
                "type": "SystemAssigned"
              }
            ],
            "license_type": "",
            "location": "westus3",
            "max_bid_price": -1,
            "name": "control-node",
            "network_interface_ids": [
              "/subscriptions/8d6bd1eb-ae31-4f2c-856a-0f8e47115c4b/resourceGroups/kafka-t2/providers/Microsoft.Network/networkInterfaces/control-nic"
            ],
            "os_disk": [
              {
                "caching": "ReadWrite",
                "diff_disk_settings": [],
                "disk_encryption_set_id": "",
                "disk_size_gb": 30,
                "id": "/subscriptions/8d6bd1eb-ae31-4f2c-856a-0f8e47115c4b/resourceGroups/kafka-t2/providers/Microsoft.Compute/disks/control-node_OsDisk_1_8c84e9666a3a48fa97e0b9f3ff50dee5",
                "name": "control-node_OsDisk_1_8c84e9666a3a48fa97e0b9f3ff50dee5",
                "secure_vm_disk_encryption_set_id": "",
                "security_encryption_type": "",
                "storage_account_type": "Standard_LRS",
                "write_accelerator_enabled": false
              }
            ],
            "os_image_notification": [],
            "os_managed_disk_id": "/subscriptions/8d6bd1eb-ae31-4f2c-856a-0f8e47115c4b/resourceGroups/kafka-t2/providers/Microsoft.Compute/disks/control-node_OsDisk_1_8c84e9666a3a48fa97e0b9f3ff50dee5",
            "patch_assessment_mode": "ImageDefault",
            "patch_mode": "ImageDefault",
            "plan": [],
            "platform_fault_domain": -1,
            "priority": "Regular",
            "private_ip_address": "10.0.0.4",
            "private_ip_addresses": [
              "10.0.0.4"
            ],
            "provision_vm_agent": true,
            "proximity_placement_group_id": "",
            "public_ip_address": "20.171.43.195",
            "public_ip_addresses": [
              "20.171.43.195"
            ],
            "reboot_setting": "",
            "resource_group_name": "kafka-t2",
            "secret": [],
            "secure_boot_enabled": false,
            "size": "Standard_D8ls_v6",
            "source_image_id": "",
            "source_image_reference": [
              {
                "offer": "0001-com-ubuntu-server-jammy",
                "publisher": "Canonical",
                "sku": "22_04-lts-gen2",
                "version": "latest"
              }
            ],
            "tags": null,
            "termination_notification": null,
            "timeouts": null,
            "user_data": "",
            "virtual_machine_id": "efff7436-c386-4797-a5bf-3f1578a660e6",
            "virtual_machine_scale_set_id": "",
            "vm_agent_platform_updates_enabled": false,
            "vtpm_enabled": false,
            "zone": ""
          },
          "sensitive_attributes": [],
          "private": "eyJlMmJmYjczMC1lY2FhLTExZTYtOGY4OC0zNDM2M2JjN2M0YzAiOnsiY3JlYXRlIjoyNzAwMDAwMDAwMDAwLCJkZWxldGUiOjI3MDAwMDAwMDAwMDAsInJlYWQiOjMwMDAwMDAwMDAwMCwidXBkYXRlIjoyNzAwMDAwMDAwMDAwfX0=",
          "dependencies": [
            "azurerm_network_interface.example",
            "azurerm_public_ip.control",
            "azurerm_resource_group.example",
            "azurerm_subnet.control",
            "data.azurerm_resource_group.example",
            "data.azurerm_subnet.control"
          ]
        }
      ]
    },
    {
      "mode": "managed",
      "type": "azurerm_network_interface",
      "name": "example",
      "provider": "provider[\"registry.terraform.io/hashicorp/azurerm\"]",
      "instances": [
        {
          "schema_version": 0,
          "attributes": {
            "accelerated_networking_enabled": false,
            "applied_dns_servers": [],
            "auxiliary_mode": "",
            "auxiliary_sku": "",
            "dns_servers": null,
            "edge_zone": "",
            "id": "/subscriptions/8d6bd1eb-ae31-4f2c-856a-0f8e47115c4b/resourceGroups/kafka-t2/providers/Microsoft.Network/networkInterfaces/control-nic",
            "internal_dns_name_label": "",
            "internal_domain_name_suffix": "njdzqccnrzouzcbntrr0b3dvyh.phxx.internal.cloudapp.net",
            "ip_configuration": [
              {
                "gateway_load_balancer_frontend_ip_configuration_id": "",
                "name": "internal",
                "primary": true,
                "private_ip_address": "10.0.0.4",
                "private_ip_address_allocation": "Dynamic",
                "private_ip_address_version": "IPv4",
                "public_ip_address_id": "/subscriptions/8d6bd1eb-ae31-4f2c-856a-0f8e47115c4b/resourceGroups/kafka-t2/providers/Microsoft.Network/publicIPAddresses/control-ip",
                "subnet_id": "/subscriptions/8d6bd1eb-ae31-4f2c-856a-0f8e47115c4b/resourceGroups/kafka-t2/providers/Microsoft.Network/virtualNetworks/vnet-t2/subnets/default"
              }
            ],
            "ip_forwarding_enabled": false,
            "location": "westus3",
            "mac_address": "",
            "name": "control-nic",
            "private_ip_address": "10.0.0.4",
            "private_ip_addresses": [
              "10.0.0.4"
            ],
            "resource_group_name": "kafka-t2",
            "tags": null,
            "timeouts": null,
            "virtual_machine_id": ""
          },
          "sensitive_attributes": [],
          "private": "eyJlMmJmYjczMC1lY2FhLTExZTYtOGY4OC0zNDM2M2JjN2M0YzAiOnsiY3JlYXRlIjoxODAwMDAwMDAwMDAwLCJkZWxldGUiOjE4MDAwMDAwMDAwMDAsInJlYWQiOjMwMDAwMDAwMDAwMCwidXBkYXRlIjoxODAwMDAwMDAwMDAwfX0=",
          "dependencies": [
            "azurerm_public_ip.control",
            "azurerm_resource_group.example",
            "azurerm_subnet.control",
            "data.azurerm_resource_group.example",
            "data.azurerm_subnet.control"
          ]
        }
      ]
    },
    {
      "mode": "managed",
      "type": "azurerm_network_security_group",
      "name": "example",
      "provider": "provider[\"registry.terraform.io/hashicorp/azurerm\"]",
      "instances": [
        {
          "schema_version": 0,
          "attributes": {
            "id": "/subscriptions/8d6bd1eb-ae31-4f2c-856a-0f8e47115c4b/resourceGroups/kafka-t2/providers/Microsoft.Network/networkSecurityGroups/control-nsg",
            "location": "westus3",
            "name": "control-nsg",
            "resource_group_name": "kafka-t2",
            "security_rule": [
              {
                "access": "Allow",
                "description": "",
                "destination_address_prefix": "*",
                "destination_address_prefixes": [],
                "destination_application_security_group_ids": [],
                "destination_port_range": "22",
                "destination_port_ranges": [],
                "direction": "Inbound",
                "name": "test123",
                "priority": 100,
                "protocol": "Tcp",
                "source_address_prefix": "*",
                "source_address_prefixes": [],
                "source_application_security_group_ids": [],
                "source_port_range": "*",
                "source_port_ranges": []
              },
              {
                "access": "Allow",
                "description": "",
                "destination_address_prefix": "*",
                "destination_address_prefixes": [],
                "destination_application_security_group_ids": [],
                "destination_port_range": "3000",
                "destination_port_ranges": [],
                "direction": "Inbound",
                "name": "grafana",
                "priority": 120,
                "protocol": "Tcp",
                "source_address_prefix": "*",
                "source_address_prefixes": [],
                "source_application_security_group_ids": [],
                "source_port_range": "*",
                "source_port_ranges": []
              },
              {
                "access": "Allow",
                "description": "",
                "destination_address_prefix": "*",
                "destination_address_prefixes": [],
                "destination_application_security_group_ids": [],
                "destination_port_range": "9090",
                "destination_port_ranges": [],
                "direction": "Inbound",
                "name": "prometheus",
                "priority": 110,
                "protocol": "Tcp",
                "source_address_prefix": "*",
                "source_address_prefixes": [],
                "source_application_security_group_ids": [],
                "source_port_range": "*",
                "source_port_ranges": []
              }
            ],
            "tags": null,
            "timeouts": null
          },
          "sensitive_attributes": [],
          "private": "eyJlMmJmYjczMC1lY2FhLTExZTYtOGY4OC0zNDM2M2JjN2M0YzAiOnsiY3JlYXRlIjoxODAwMDAwMDAwMDAwLCJkZWxldGUiOjE4MDAwMDAwMDAwMDAsInJlYWQiOjMwMDAwMDAwMDAwMCwidXBkYXRlIjoxODAwMDAwMDAwMDAwfX0=",
          "dependencies": [
            "azurerm_resource_group.example",
            "data.azurerm_resource_group.example"
          ]
        }
      ]
    },
    {
      "mode": "managed",
      "type": "azurerm_public_ip",
      "name": "control",
      "provider": "provider[\"registry.terraform.io/hashicorp/azurerm\"]",
      "instances": [
        {
          "schema_version": 0,
          "attributes": {
            "allocation_method": "Static",
            "ddos_protection_mode": "VirtualNetworkInherited",
            "ddos_protection_plan_id": null,
            "domain_name_label": null,
            "domain_name_label_scope": null,
            "edge_zone": "",
            "fqdn": null,
            "id": "/subscriptions/8d6bd1eb-ae31-4f2c-856a-0f8e47115c4b/resourceGroups/kafka-t2/providers/Microsoft.Network/publicIPAddresses/control-ip",
            "idle_timeout_in_minutes": 4,
            "ip_address": "20.171.43.195",
            "ip_tags": null,
            "ip_version": "IPv4",
            "location": "westus3",
            "name": "control-ip",
            "public_ip_prefix_id": null,
            "resource_group_name": "kafka-t2",
            "reverse_fqdn": null,
            "sku": "Standard",
            "sku_tier": "Regional",
            "tags": null,
            "timeouts": null,
            "zones": null
          },
          "sensitive_attributes": [],
          "private": "eyJlMmJmYjczMC1lY2FhLTExZTYtOGY4OC0zNDM2M2JjN2M0YzAiOnsiY3JlYXRlIjoxODAwMDAwMDAwMDAwLCJkZWxldGUiOjE4MDAwMDAwMDAwMDAsInJlYWQiOjMwMDAwMDAwMDAwMCwidXBkYXRlIjoxODAwMDAwMDAwMDAwfX0=",
          "dependencies": [
            "azurerm_resource_group.example",
            "data.azurerm_resource_group.example"
          ]
        }
      ]
    },
    {
      "mode": "managed",
      "type": "azurerm_role_assignment",
      "name": "control",
      "provider": "provider[\"registry.terraform.io/hashicorp/azurerm\"]",
      "instances": [
        {
          "schema_version": 0,
          "attributes": {
            "condition": "",
            "condition_version": "",
            "delegated_managed_identity_resource_id": "",
            "description": "",
            "id": "/subscriptions/8d6bd1eb-ae31-4f2c-856a-0f8e47115c4b/providers/Microsoft.Authorization/roleAssignments/bbbcbd87-40f3-eb3f-643a-07b6165ecca8",
            "name": "bbbcbd87-40f3-eb3f-643a-07b6165ecca8",
            "principal_id": "e78f2dab-26eb-4cbc-8beb-50c11bf24c9b",
            "principal_type": "ServicePrincipal",
            "role_definition_id": "/subscriptions/8d6bd1eb-ae31-4f2c-856a-0f8e47115c4b/providers/Microsoft.Authorization/roleDefinitions/b24988ac-6180-42a0-ab88-20f7382dd24c",
            "role_definition_name": "Contributor",
            "scope": "/subscriptions/8d6bd1eb-ae31-4f2c-856a-0f8e47115c4b",
            "skip_service_principal_aad_check": null,
            "timeouts": null
          },
          "sensitive_attributes": [],
          "private": "eyJlMmJmYjczMC1lY2FhLTExZTYtOGY4OC0zNDM2M2JjN2M0YzAiOnsiY3JlYXRlIjoxODAwMDAwMDAwMDAwLCJkZWxldGUiOjE4MDAwMDAwMDAwMDAsInJlYWQiOjMwMDAwMDAwMDAwMH19",
          "dependencies": [
            "azurerm_linux_virtual_machine.example",
            "azurerm_network_interface.example",
            "azurerm_public_ip.control",
            "azurerm_resource_group.example",
            "azurerm_subnet.control",
            "data.azurerm_resource_group.example",
            "data.azurerm_subnet.control",
            "data.azurerm_subscription.current"
          ]
        }
      ]
    },
    {
      "mode": "managed",
      "type": "azurerm_subnet_network_security_group_association",
      "name": "example",
      "provider": "provider[\"registry.terraform.io/hashicorp/azurerm\"]",
      "instances": [
        {
          "schema_version": 0,
          "attributes": {
            "id": "/subscriptions/8d6bd1eb-ae31-4f2c-856a-0f8e47115c4b/resourceGroups/kafka-t2/providers/Microsoft.Network/virtualNetworks/vnet-t2/subnets/default",
            "network_security_group_id": "/subscriptions/8d6bd1eb-ae31-4f2c-856a-0f8e47115c4b/resourceGroups/kafka-t2/providers/Microsoft.Network/networkSecurityGroups/control-nsg",
            "subnet_id": "/subscriptions/8d6bd1eb-ae31-4f2c-856a-0f8e47115c4b/resourceGroups/kafka-t2/providers/Microsoft.Network/virtualNetworks/vnet-t2/subnets/default",
            "timeouts": null
          },
          "sensitive_attributes": [],
          "private": "eyJlMmJmYjczMC1lY2FhLTExZTYtOGY4OC0zNDM2M2JjN2M0YzAiOnsiY3JlYXRlIjoxODAwMDAwMDAwMDAwLCJkZWxldGUiOjE4MDAwMDAwMDAwMDAsInJlYWQiOjMwMDAwMDAwMDAwMH19",
          "dependencies": [
            "azurerm_network_security_group.example",
            "azurerm_resource_group.example",
            "azurerm_subnet.control",
            "data.azurerm_resource_group.example",
            "data.azurerm_subnet.control"
          ]
        }
      ]
    }
  ],
  "check_results": null
}
